<?xml version="1.0" encoding="utf-8"?>
<Project ToolsVersion="4.0" xmlns="http://schemas.microsoft.com/developer/msbuild/2003">
  <ItemGroup>
    <ClCompile Include="src\main.cpp" />
    <ClCompile Include="src\pch.cpp" />
    <ClCompile Include="src\engine\component\network\networkManager.cpp">
      <Filter>engine\component\network</Filter>
    </ClCompile>
    <ClCompile Include="src\engine\component\physics\physicsManager.cpp">
      <Filter>engine\component\physics</Filter>
    </ClCompile>
    <ClCompile Include="src\engine\component\player\playerManager.cpp">
      <Filter>engine\component\player</Filter>
    </ClCompile>
    <ClCompile Include="src\engine\component\render\cameraManager.cpp">
      <Filter>engine\component\render</Filter>
    </ClCompile>
    <ClCompile Include="src\engine\component\render\renderManager.cpp">
      <Filter>engine\component\render</Filter>
    </ClCompile>
    <ClCompile Include="src\engine\component\spectator\spectatorManager.cpp">
      <Filter>engine\component\spectator</Filter>
    </ClCompile>
    <ClCompile Include="src\engine\component\component.cpp">
      <Filter>engine\component</Filter>
    </ClCompile>
    <ClCompile Include="src\engine\core\eventSystem.cpp">
      <Filter>engine\core</Filter>
    </ClCompile>
    <ClCompile Include="src\engine\core\inputSystem.cpp">
      <Filter>engine\core</Filter>
    </ClCompile>
    <ClCompile Include="src\engine\core\networkSystem.cpp">
      <Filter>engine\core</Filter>
    </ClCompile>
    <ClCompile Include="src\engine\core\physicsSystem.cpp">
      <Filter>engine\core</Filter>
    </ClCompile>
    <ClCompile Include="src\engine\core\renderSystem.cpp">
      <Filter>engine\core</Filter>
    </ClCompile>
    <ClCompile Include="src\engine\core\event\event.cpp">
      <Filter>engine\core\event</Filter>
    </ClCompile>
    <ClCompile Include="src\engine\core\event\eventListener.cpp">
      <Filter>engine\core\event</Filter>
    </ClCompile>
    <ClCompile Include="src\engine\core\render\UI\Gorilla.cpp">
      <Filter>engine\core\render\UI</Filter>
    </ClCompile>
    <ClCompile Include="src\engine\manager\network\snapshotManager.cpp">
      <Filter>engine\manager\network</Filter>
    </ClCompile>
    <ClCompile Include="src\engine\manager\debug\debugDisplaySystem.cpp">
      <Filter>engine\manager\debug</Filter>
    </ClCompile>
    <ClCompile Include="src\engine\manager\debug\ogreConsole.cpp">
      <Filter>engine\manager\debug</Filter>
    </ClCompile>
    <ClCompile Include="src\engine\engine.cpp">
      <Filter>engine</Filter>
    </ClCompile>
    <ClCompile Include="src\engine\factory\entityPrototype.cpp">
      <Filter>engine\factory</Filter>
    </ClCompile>
    <ClCompile Include="src\engine\core\entity\entity.cpp">
      <Filter>engine\core\entity</Filter>
    </ClCompile>
    <ClCompile Include="src\engine\core\entitySystem.cpp">
      <Filter>engine\core</Filter>
    </ClCompile>
    <ClCompile Include="src\engine\manager\network\snapshot.cpp">
      <Filter>engine\manager\network</Filter>
    </ClCompile>
    <ClCompile Include="src\game\gameModeFree.cpp">
      <Filter>game</Filter>
    </ClCompile>
    <ClCompile Include="src\game\SpectatorFactory.cpp">
      <Filter>game</Filter>
    </ClCompile>
    <ClCompile Include="src\engine\manager\game\frame.cpp">
      <Filter>engine\manager\game</Filter>
    </ClCompile>
  </ItemGroup>
  <ItemGroup>
    <ClInclude Include="src\main.h" />
    <ClInclude Include="src\pch.h" />
    <ClInclude Include="src\engine\component\network\networkComponent.h">
      <Filter>engine\component\network</Filter>
    </ClInclude>
    <ClInclude Include="src\engine\component\network\networkManager.h">
      <Filter>engine\component\network</Filter>
    </ClInclude>
    <ClInclude Include="src\engine\component\physics\physicsComponent.h">
      <Filter>engine\component\physics</Filter>
    </ClInclude>
    <ClInclude Include="src\engine\component\physics\physicsManager.h">
      <Filter>engine\component\physics</Filter>
    </ClInclude>
    <ClInclude Include="src\engine\component\player\playerComponent.h">
      <Filter>engine\component\player</Filter>
    </ClInclude>
    <ClInclude Include="src\engine\component\player\playerManager.h">
      <Filter>engine\component\player</Filter>
    </ClInclude>
    <ClInclude Include="src\engine\component\render\cameraComponent.h">
      <Filter>engine\component\render</Filter>
    </ClInclude>
    <ClInclude Include="src\engine\component\render\cameraManager.h">
      <Filter>engine\component\render</Filter>
    </ClInclude>
    <ClInclude Include="src\engine\component\render\renderComponent.h">
      <Filter>engine\component\render</Filter>
    </ClInclude>
    <ClInclude Include="src\engine\component\render\renderManager.h">
      <Filter>engine\component\render</Filter>
    </ClInclude>
    <ClInclude Include="src\engine\component\spectator\spectatorComponent.h">
      <Filter>engine\component\spectator</Filter>
    </ClInclude>
    <ClInclude Include="src\engine\component\spectator\spectatorManager.h">
      <Filter>engine\component\spectator</Filter>
    </ClInclude>
    <ClInclude Include="src\engine\component\component.h">
      <Filter>engine\component</Filter>
    </ClInclude>
    <ClInclude Include="src\engine\component\componentManager.h">
      <Filter>engine\component</Filter>
    </ClInclude>
    <ClInclude Include="src\engine\core\eventSystem.h">
      <Filter>engine\core</Filter>
    </ClInclude>
    <ClInclude Include="src\engine\core\inputSystem.h">
      <Filter>engine\core</Filter>
    </ClInclude>
    <ClInclude Include="src\engine\core\networkSystem.h">
      <Filter>engine\core</Filter>
    </ClInclude>
    <ClInclude Include="src\engine\core\physicsSystem.h">
      <Filter>engine\core</Filter>
    </ClInclude>
    <ClInclude Include="src\engine\core\renderSystem.h">
      <Filter>engine\core</Filter>
    </ClInclude>
    <ClInclude Include="src\engine\core\event\event.h">
      <Filter>engine\core\event</Filter>
    </ClInclude>
    <ClInclude Include="src\engine\core\event\eventListener.h">
      <Filter>engine\core\event</Filter>
    </ClInclude>
    <ClInclude Include="src\engine\core\event\events\keyboardEvent.h">
      <Filter>engine\core\event\events</Filter>
    </ClInclude>
    <ClInclude Include="src\engine\core\event\events\messageEvent.h">
      <Filter>engine\core\event\events</Filter>
    </ClInclude>
    <ClInclude Include="src\engine\core\event\events\mouseEvent.h">
      <Filter>engine\core\event\events</Filter>
    </ClInclude>
    <ClInclude Include="src\engine\core\event\events\playerEvent.h">
      <Filter>engine\core\event\events</Filter>
    </ClInclude>
    <ClInclude Include="src\engine\core\render\OSXUtils.h">
      <Filter>engine\core\render</Filter>
    </ClInclude>
    <ClInclude Include="src\engine\core\render\UI\Gorilla.h">
      <Filter>engine\core\render\UI</Filter>
    </ClInclude>
    <ClInclude Include="src\engine\manager\network\snapshot.h">
      <Filter>engine\manager\network</Filter>
    </ClInclude>
    <ClInclude Include="src\engine\manager\network\snapshotManager.h">
      <Filter>engine\manager\network</Filter>
    </ClInclude>
    <ClInclude Include="src\engine\manager\debug\debugDisplaySystem.h">
      <Filter>engine\manager\debug</Filter>
    </ClInclude>
    <ClInclude Include="src\engine\manager\debug\ogreConsole.h">
      <Filter>engine\manager\debug</Filter>
    </ClInclude>
    <ClInclude Include="src\common.h" />
    <ClInclude Include="src\engine\engine.h">
      <Filter>engine</Filter>
    </ClInclude>
    <ClInclude Include="src\engine\manager.h">
      <Filter>engine</Filter>
    </ClInclude>
    <ClInclude Include="src\engine\factory\entityPrototype.h">
      <Filter>engine\factory</Filter>
    </ClInclude>
    <ClInclude Include="src\engine\core\entity\entity.h">
      <Filter>engine\core\entity</Filter>
    </ClInclude>
    <ClInclude Include="src\engine\core\entitySystem.h">
      <Filter>engine\core</Filter>
    </ClInclude>
    <ClInclude Include="src\engine\core\event\events\newSnapshotEvent.h">
      <Filter>engine\core\event\events</Filter>
    </ClInclude>
    <ClInclude Include="src\engine\component\physics\transformComponent.h">
      <Filter>engine\component\physics</Filter>
    </ClInclude>
    <ClInclude Include="src\engine\component\physics\motionComponent.h">
      <Filter>engine\component\physics</Filter>
    </ClInclude>
    <ClInclude Include="src\engine\core\event\events\transfromEvent.h">
      <Filter>engine\core\event\events</Filter>
    </ClInclude>
    <ClInclude Include="src\engine\core\event\events\motionEvent.h">
      <Filter>engine\core\event\events</Filter>
    </ClInclude>
    <ClInclude Include="src\game\gameModeFree.h">
      <Filter>game</Filter>
    </ClInclude>
    <ClInclude Include="src\game\SpectatorFactory.h">
      <Filter>game</Filter>
    </ClInclude>
    <ClInclude Include="src\engine\manager\game\frame.h">
      <Filter>engine\manager\game</Filter>
    </ClInclude>
    <ClInclude Include="src\engine\core\event\events\spawnEvent.h">
      <Filter>engine\core\event\events</Filter>
    </ClInclude>
  </ItemGroup>
  <ItemGroup>
    <Filter Include="engine">
      <UniqueIdentifier>{a6e5b082-57a6-4e06-b6e9-ea6da69daf91}</UniqueIdentifier>
    </Filter>
    <Filter Include="engine\component">
      <UniqueIdentifier>{9fa6a790-c92d-4169-87b0-5972eba54e53}</UniqueIdentifier>
    </Filter>
    <Filter Include="engine\core">
      <UniqueIdentifier>{6be5c9a4-96f0-4b4b-b01b-7d92354e0b79}</UniqueIdentifier>
    </Filter>
    <Filter Include="engine\manager">
      <UniqueIdentifier>{034ffbde-5c13-4623-84b5-bf0726718070}</UniqueIdentifier>
    </Filter>
    <Filter Include="engine\factory">
      <UniqueIdentifier>{63db7146-24ca-4374-b785-88fc2b5cc0c7}</UniqueIdentifier>
    </Filter>
    <Filter Include="engine\component\network">
      <UniqueIdentifier>{90714789-8261-4cdd-b478-75069bab3333}</UniqueIdentifier>
    </Filter>
    <Filter Include="engine\component\physics">
      <UniqueIdentifier>{746c69f5-034f-494d-aed4-9319fb92caf8}</UniqueIdentifier>
    </Filter>
    <Filter Include="engine\component\player">
      <UniqueIdentifier>{9adea9b1-2054-4278-bbd1-b12a4370f797}</UniqueIdentifier>
    </Filter>
    <Filter Include="engine\component\render">
      <UniqueIdentifier>{7d670131-13e6-4997-9921-835fd732a35a}</UniqueIdentifier>
    </Filter>
    <Filter Include="engine\component\spectator">
      <UniqueIdentifier>{63d87fc9-fea0-46b6-9346-d5ce25b8b3fa}</UniqueIdentifier>
    </Filter>
    <Filter Include="engine\core\event">
      <UniqueIdentifier>{31566dfd-6309-4565-aff2-feaefab95b7b}</UniqueIdentifier>
    </Filter>
    <Filter Include="engine\core\render">
      <UniqueIdentifier>{ebbdb134-6412-462a-a0da-87755d19f408}</UniqueIdentifier>
    </Filter>
    <Filter Include="engine\manager\network">
      <UniqueIdentifier>{91a08046-b43b-4dcc-940f-b20344a2583d}</UniqueIdentifier>
    </Filter>
    <Filter Include="engine\manager\debug">
      <UniqueIdentifier>{b09df061-90fc-4c54-b87c-35230a91aaea}</UniqueIdentifier>
    </Filter>
    <Filter Include="engine\core\event\events">
      <UniqueIdentifier>{781bc87b-44a9-482a-b789-77e3bb4fe0fc}</UniqueIdentifier>
    </Filter>
    <Filter Include="engine\core\render\UI">
      <UniqueIdentifier>{e8345fca-9255-4599-9b64-f2470924a80f}</UniqueIdentifier>
    </Filter>
    <Filter Include="engine\core\entity">
      <UniqueIdentifier>{8ca8b0e1-b3b7-48ec-ae00-3f53d78ae1f1}</UniqueIdentifier>
    </Filter>
    <Filter Include="game">
      <UniqueIdentifier>{13c88011-3911-4305-b2e6-3b763b37faa4}</UniqueIdentifier>
    </Filter>
    <Filter Include="engine\manager\game">
      <UniqueIdentifier>{6d5bf241-d1ae-4e5b-81b5-d0c34c072cca}</UniqueIdentifier>
    </Filter>
  </ItemGroup>
  <ItemGroup>
    <None Include="src\engine\core\render\OSXUtils.mm">
      <Filter>engine\core\render</Filter>
    </None>
  </ItemGroup>
</Project>